// !$*UTF8*$!
{
	archiveVersion = 1;
	classes = {
	};
	objectVersion = 46;
	objects = {

/* Begin PBXBuildFile section */
		3014877E1E65175B0028C169 /* AppDelegate.swift in Sources */ = {isa = PBXBuildFile; fileRef = 3014877D1E65175B0028C169 /* AppDelegate.swift */; };
		301487801E65175B0028C169 /* ViewController.swift in Sources */ = {isa = PBXBuildFile; fileRef = 3014877F1E65175B0028C169 /* ViewController.swift */; };
		301487831E65175B0028C169 /* Main.storyboard in Resources */ = {isa = PBXBuildFile; fileRef = 301487811E65175B0028C169 /* Main.storyboard */; };
		301487851E65175B0028C169 /* Assets.xcassets in Resources */ = {isa = PBXBuildFile; fileRef = 301487841E65175B0028C169 /* Assets.xcassets */; };
		301487881E65175B0028C169 /* LaunchScreen.storyboard in Resources */ = {isa = PBXBuildFile; fileRef = 301487861E65175B0028C169 /* LaunchScreen.storyboard */; };
		301487931E65175C0028C169 /* StyleMeTests.swift in Sources */ = {isa = PBXBuildFile; fileRef = 301487921E65175C0028C169 /* StyleMeTests.swift */; };
		3014879E1E65175C0028C169 /* StyleMeUITests.swift in Sources */ = {isa = PBXBuildFile; fileRef = 3014879D1E65175C0028C169 /* StyleMeUITests.swift */; };
/* End PBXBuildFile section */

/* Begin PBXContainerItemProxy section */
		3014878F1E65175C0028C169 /* PBXContainerItemProxy */ = {
			isa = PBXContainerItemProxy;
			containerPortal = 301487721E65175B0028C169 /* Project object */;
			proxyType = 1;
			remoteGlobalIDString = 301487791E65175B0028C169;
			remoteInfo = StyleMe;
		};
		3014879A1E65175C0028C169 /* PBXContainerItemProxy */ = {
			isa = PBXContainerItemProxy;
			containerPortal = 301487721E65175B0028C169 /* Project object */;
			proxyType = 1;
			remoteGlobalIDString = 301487791E65175B0028C169;
			remoteInfo = StyleMe;
		};
/* End PBXContainerItemProxy section */

/* Begin PBXFileReference section */
		3014877A1E65175B0028C169 /* StyleMe.app */ = {isa = PBXFileReference; explicitFileType = wrapper.application; includeInIndex = 0; path = StyleMe.app; sourceTree = BUILT_PRODUCTS_DIR; };
		3014877D1E65175B0028C169 /* AppDelegate.swift */ = {isa = PBXFileReference; lastKnownFileType = sourcecode.swift; path = AppDelegate.swift; sourceTree = "<group>"; };
		3014877F1E65175B0028C169 /* ViewController.swift */ = {isa = PBXFileReference; lastKnownFileType = sourcecode.swift; path = ViewController.swift; sourceTree = "<group>"; };
		301487821E65175B0028C169 /* Base */ = {isa = PBXFileReference; lastKnownFileType = file.storyboard; name = Base; path = Base.lproj/Main.storyboard; sourceTree = "<group>"; };
		301487841E65175B0028C169 /* Assets.xcassets */ = {isa = PBXFileReference; lastKnownFileType = folder.assetcatalog; path = Assets.xcassets; sourceTree = "<group>"; };
		301487871E65175B0028C169 /* Base */ = {isa = PBXFileReference; lastKnownFileType = file.storyboard; name = Base; path = Base.lproj/LaunchScreen.storyboard; sourceTree = "<group>"; };
		301487891E65175B0028C169 /* Info.plist */ = {isa = PBXFileReference; lastKnownFileType = text.plist.xml; path = Info.plist; sourceTree = "<group>"; };
		3014878E1E65175C0028C169 /* StyleMeTests.xctest */ = {isa = PBXFileReference; explicitFileType = wrapper.cfbundle; includeInIndex = 0; path = StyleMeTests.xctest; sourceTree = BUILT_PRODUCTS_DIR; };
		301487921E65175C0028C169 /* StyleMeTests.swift */ = {isa = PBXFileReference; lastKnownFileType = sourcecode.swift; path = StyleMeTests.swift; sourceTree = "<group>"; };
		301487941E65175C0028C169 /* Info.plist */ = {isa = PBXFileReference; lastKnownFileType = text.plist.xml; path = Info.plist; sourceTree = "<group>"; };
		301487991E65175C0028C169 /* StyleMeUITests.xctest */ = {isa = PBXFileReference; explicitFileType = wrapper.cfbundle; includeInIndex = 0; path = StyleMeUITests.xctest; sourceTree = BUILT_PRODUCTS_DIR; };
		3014879D1E65175C0028C169 /* StyleMeUITests.swift */ = {isa = PBXFileReference; lastKnownFileType = sourcecode.swift; path = StyleMeUITests.swift; sourceTree = "<group>"; };
		3014879F1E65175C0028C169 /* Info.plist */ = {isa = PBXFileReference; lastKnownFileType = text.plist.xml; path = Info.plist; sourceTree = "<group>"; };
/* End PBXFileReference section */

/* Begin PBXFrameworksBuildPhase section */
		301487771E65175B0028C169 /* Frameworks */ = {
			isa = PBXFrameworksBuildPhase;
			buildActionMask = 2147483647;
			files = (
			);
			runOnlyForDeploymentPostprocessing = 0;
		};
		3014878B1E65175C0028C169 /* Frameworks */ = {
			isa = PBXFrameworksBuildPhase;
			buildActionMask = 2147483647;
			files = (
			);
			runOnlyForDeploymentPostprocessing = 0;
		};
		301487961E65175C0028C169 /* Frameworks */ = {
			isa = PBXFrameworksBuildPhase;
			buildActionMask = 2147483647;
			files = (
			);
			runOnlyForDeploymentPostprocessing = 0;
		};
/* End PBXFrameworksBuildPhase section */

/* Begin PBXGroup section */
		301487711E65175B0028C169 = {
			isa = PBXGroup;
			children = (
				3014877C1E65175B0028C169 /* StyleMe */,
				301487911E65175C0028C169 /* StyleMeTests */,
				3014879C1E65175C0028C169 /* StyleMeUITests */,
				3014877B1E65175B0028C169 /* Products */,
			);
			sourceTree = "<group>";
		};
		3014877B1E65175B0028C169 /* Products */ = {
			isa = PBXGroup;
			children = (
				3014877A1E65175B0028C169 /* StyleMe.app */,
				3014878E1E65175C0028C169 /* StyleMeTests.xctest */,
				301487991E65175C0028C169 /* StyleMeUITests.xctest */,
			);
			name = Products;
			sourceTree = "<group>";
		};
		3014877C1E65175B0028C169 /* StyleMe */ = {
			isa = PBXGroup;
			children = (
				3014877D1E65175B0028C169 /* AppDelegate.swift */,
				3014877F1E65175B0028C169 /* ViewController.swift */,
				301487811E65175B0028C169 /* Main.storyboard */,
				301487841E65175B0028C169 /* Assets.xcassets */,
				301487861E65175B0028C169 /* LaunchScreen.storyboard */,
				301487891E65175B0028C169 /* Info.plist */,
			);
			path = StyleMe;
			sourceTree = "<group>";
		};
		301487911E65175C0028C169 /* StyleMeTests */ = {
			isa = PBXGroup;
			children = (
				301487921E65175C0028C169 /* StyleMeTests.swift */,
				301487941E65175C0028C169 /* Info.plist */,
			);
			path = StyleMeTests;
			sourceTree = "<group>";
		};
		3014879C1E65175C0028C169 /* StyleMeUITests */ = {
			isa = PBXGroup;
			children = (
				3014879D1E65175C0028C169 /* StyleMeUITests.swift */,
				3014879F1E65175C0028C169 /* Info.plist */,
			);
			path = StyleMeUITests;
			sourceTree = "<group>";
		};
/* End PBXGroup section */

/* Begin PBXNativeTarget section */
		301487791E65175B0028C169 /* StyleMe */ = {
			isa = PBXNativeTarget;
			buildConfigurationList = 301487A21E65175C0028C169 /* Build configuration list for PBXNativeTarget "StyleMe" */;
			buildPhases = (
				301487761E65175B0028C169 /* Sources */,
				301487771E65175B0028C169 /* Frameworks */,
				301487781E65175B0028C169 /* Resources */,
			);
			buildRules = (
			);
			dependencies = (
			);
			name = StyleMe;
			productName = StyleMe;
			productReference = 3014877A1E65175B0028C169 /* StyleMe.app */;
			productType = "com.apple.product-type.application";
		};
		3014878D1E65175C0028C169 /* StyleMeTests */ = {
			isa = PBXNativeTarget;
			buildConfigurationList = 301487A51E65175C0028C169 /* Build configuration list for PBXNativeTarget "StyleMeTests" */;
			buildPhases = (
				3014878A1E65175C0028C169 /* Sources */,
				3014878B1E65175C0028C169 /* Frameworks */,
				3014878C1E65175C0028C169 /* Resources */,
			);
			buildRules = (
			);
			dependencies = (
				301487901E65175C0028C169 /* PBXTargetDependency */,
			);
			name = StyleMeTests;
			productName = StyleMeTests;
			productReference = 3014878E1E65175C0028C169 /* StyleMeTests.xctest */;
			productType = "com.apple.product-type.bundle.unit-test";
		};
		301487981E65175C0028C169 /* StyleMeUITests */ = {
			isa = PBXNativeTarget;
			buildConfigurationList = 301487A81E65175C0028C169 /* Build configuration list for PBXNativeTarget "StyleMeUITests" */;
			buildPhases = (
				301487951E65175C0028C169 /* Sources */,
				301487961E65175C0028C169 /* Frameworks */,
				301487971E65175C0028C169 /* Resources */,
			);
			buildRules = (
			);
			dependencies = (
				3014879B1E65175C0028C169 /* PBXTargetDependency */,
			);
			name = StyleMeUITests;
			productName = StyleMeUITests;
			productReference = 301487991E65175C0028C169 /* StyleMeUITests.xctest */;
			productType = "com.apple.product-type.bundle.ui-testing";
		};
/* End PBXNativeTarget section */

/* Begin PBXProject section */
		301487721E65175B0028C169 /* Project object */ = {
			isa = PBXProject;
			attributes = {
				LastSwiftUpdateCheck = 0820;
				LastUpgradeCheck = 0820;
				ORGANIZATIONNAME = "Kevin Loyola";
				TargetAttributes = {
					301487791E65175B0028C169 = {
						CreatedOnToolsVersion = 8.2.1;
						DevelopmentTeam = 89DDQY7LG3;
						ProvisioningStyle = Automatic;
					};
					3014878D1E65175C0028C169 = {
						CreatedOnToolsVersion = 8.2.1;
						DevelopmentTeam = 89DDQY7LG3;
						ProvisioningStyle = Automatic;
						TestTargetID = 301487791E65175B0028C169;
					};
					301487981E65175C0028C169 = {
						CreatedOnToolsVersion = 8.2.1;
						DevelopmentTeam = 89DDQY7LG3;
						ProvisioningStyle = Automatic;
						TestTargetID = 301487791E65175B0028C169;
					};
				};
			};
			buildConfigurationList = 301487751E65175B0028C169 /* Build configuration list for PBXProject "StyleMe" */;
			compatibilityVersion = "Xcode 3.2";
			developmentRegion = English;
			hasScannedForEncodings = 0;
			knownRegions = (
				en,
				Base,
			);
			mainGroup = 301487711E65175B0028C169;
			productRefGroup = 3014877B1E65175B0028C169 /* Products */;
			projectDirPath = "";
			projectRoot = "";
			targets = (
				301487791E65175B0028C169 /* StyleMe */,
				3014878D1E65175C0028C169 /* StyleMeTests */,
				301487981E65175C0028C169 /* StyleMeUITests */,
			);
		};
/* End PBXProject section */

/* Begin PBXResourcesBuildPhase section */
		301487781E65175B0028C169 /* Resources */ = {
			isa = PBXResourcesBuildPhase;
			buildActionMask = 2147483647;
			files = (
				301487881E65175B0028C169 /* LaunchScreen.storyboard in Resources */,
				301487851E65175B0028C169 /* Assets.xcassets in Resources */,
				301487831E65175B0028C169 /* Main.storyboard in Resources */,
			);
			runOnlyForDeploymentPostprocessing = 0;
		};
		3014878C1E65175C0028C169 /* Resources */ = {
			isa = PBXResourcesBuildPhase;
			buildActionMask = 2147483647;
			files = (
			);
			runOnlyForDeploymentPostprocessing = 0;
		};
		301487971E65175C0028C169 /* Resources */ = {
			isa = PBXResourcesBuildPhase;
			buildActionMask = 2147483647;
			files = (
			);
			runOnlyForDeploymentPostprocessing = 0;
		};
/* End PBXResourcesBuildPhase section */

/* Begin PBXSourcesBuildPhase section */
		301487761E65175B0028C169 /* Sources */ = {
			isa = PBXSourcesBuildPhase;
			buildActionMask = 2147483647;
			files = (
				301487801E65175B0028C169 /* ViewController.swift in Sources */,
				3014877E1E65175B0028C169 /* AppDelegate.swift in Sources */,
			);
			runOnlyForDeploymentPostprocessing = 0;
		};
		3014878A1E65175C0028C169 /* Sources */ = {
			isa = PBXSourcesBuildPhase;
			buildActionMask = 2147483647;
			files = (
				301487931E65175C0028C169 /* StyleMeTests.swift in Sources */,
			);
			runOnlyForDeploymentPostprocessing = 0;
		};
		301487951E65175C0028C169 /* Sources */ = {
			isa = PBXSourcesBuildPhase;
			buildActionMask = 2147483647;
			files = (
				3014879E1E65175C0028C169 /* StyleMeUITests.swift in Sources */,
			);
			runOnlyForDeploymentPostprocessing = 0;
		};
/* End PBXSourcesBuildPhase section */

/* Begin PBXTargetDependency section */
		301487901E65175C0028C169 /* PBXTargetDependency */ = {
			isa = PBXTargetDependency;
			target = 301487791E65175B0028C169 /* StyleMe */;
			targetProxy = 3014878F1E65175C0028C169 /* PBXContainerItemProxy */;
		};
		3014879B1E65175C0028C169 /* PBXTargetDependency */ = {
			isa = PBXTargetDependency;
			target = 301487791E65175B0028C169 /* StyleMe */;
			targetProxy = 3014879A1E65175C0028C169 /* PBXContainerItemProxy */;
		};
/* End PBXTargetDependency section */

/* Begin PBXVariantGroup section */
		301487811E65175B0028C169 /* Main.storyboard */ = {
			isa = PBXVariantGroup;
			children = (
				301487821E65175B0028C169 /* Base */,
			);
			name = Main.storyboard;
			sourceTree = "<group>";
		};
		301487861E65175B0028C169 /* LaunchScreen.storyboard */ = {
			isa = PBXVariantGroup;
			children = (
				301487871E65175B0028C169 /* Base */,
			);
			name = LaunchScreen.storyboard;
			sourceTree = "<group>";
		};
/* End PBXVariantGroup section */

/* Begin XCBuildConfiguration section */
		301487A01E65175C0028C169 /* Debug */ = {
			isa = XCBuildConfiguration;
			buildSettings = {
				ALWAYS_SEARCH_USER_PATHS = NO;
				CLANG_ANALYZER_NONNULL = YES;
				CLANG_CXX_LANGUAGE_STANDARD = "gnu++0x";
				CLANG_CXX_LIBRARY = "libc++";
				CLANG_ENABLE_MODULES = YES;
				CLANG_ENABLE_OBJC_ARC = YES;
				CLANG_WARN_BOOL_CONVERSION = YES;
				CLANG_WARN_CONSTANT_CONVERSION = YES;
				CLANG_WARN_DIRECT_OBJC_ISA_USAGE = YES_ERROR;
				CLANG_WARN_DOCUMENTATION_COMMENTS = YES;
				CLANG_WARN_EMPTY_BODY = YES;
				CLANG_WARN_ENUM_CONVERSION = YES;
				CLANG_WARN_INFINITE_RECURSION = YES;
				CLANG_WARN_INT_CONVERSION = YES;
				CLANG_WARN_OBJC_ROOT_CLASS = YES_ERROR;
				CLANG_WARN_SUSPICIOUS_MOVE = YES;
				CLANG_WARN_UNREACHABLE_CODE = YES;
				CLANG_WARN__DUPLICATE_METHOD_MATCH = YES;
				"CODE_SIGN_IDENTITY[sdk=iphoneos*]" = "iPhone Developer";
				COPY_PHASE_STRIP = NO;
				DEBUG_INFORMATION_FORMAT = dwarf;
				ENABLE_STRICT_OBJC_MSGSEND = YES;
				ENABLE_TESTABILITY = YES;
				GCC_C_LANGUAGE_STANDARD = gnu99;
				GCC_DYNAMIC_NO_PIC = NO;
				GCC_NO_COMMON_BLOCKS = YES;
				GCC_OPTIMIZATION_LEVEL = 0;
				GCC_PREPROCESSOR_DEFINITIONS = (
					"DEBUG=1",
					"$(inherited)",
				);
				GCC_WARN_64_TO_32_BIT_CONVERSION = YES;
				GCC_WARN_ABOUT_RETURN_TYPE = YES_ERROR;
				GCC_WARN_UNDECLARED_SELECTOR = YES;
				GCC_WARN_UNINITIALIZED_AUTOS = YES_AGGRESSIVE;
				GCC_WARN_UNUSED_FUNCTION = YES;
				GCC_WARN_UNUSED_VARIABLE = YES;
				IPHONEOS_DEPLOYMENT_TARGET = 10.2;
				MTL_ENABLE_DEBUG_INFO = YES;
				ONLY_ACTIVE_ARCH = YES;
				SDKROOT = iphoneos;
				SWIFT_ACTIVE_COMPILATION_CONDITIONS = DEBUG;
				SWIFT_OPTIMIZATION_LEVEL = "-Onone";
				TARGETED_DEVICE_FAMILY = "1,2";
			};
			name = Debug;
		};
		301487A11E65175C0028C169 /* Release */ = {
			isa = XCBuildConfiguration;
			buildSettings = {
				ALWAYS_SEARCH_USER_PATHS = NO;
				CLANG_ANALYZER_NONNULL = YES;
				CLANG_CXX_LANGUAGE_STANDARD = "gnu++0x";
				CLANG_CXX_LIBRARY = "libc++";
				CLANG_ENABLE_MODULES = YES;
				CLANG_ENABLE_OBJC_ARC = YES;
				CLANG_WARN_BOOL_CONVERSION = YES;
				CLANG_WARN_CONSTANT_CONVERSION = YES;
				CLANG_WARN_DIRECT_OBJC_ISA_USAGE = YES_ERROR;
				CLANG_WARN_DOCUMENTATION_COMMENTS = YES;
				CLANG_WARN_EMPTY_BODY = YES;
				CLANG_WARN_ENUM_CONVERSION = YES;
				CLANG_WARN_INFINITE_RECURSION = YES;
				CLANG_WARN_INT_CONVERSION = YES;
				CLANG_WARN_OBJC_ROOT_CLASS = YES_ERROR;
				CLANG_WARN_SUSPICIOUS_MOVE = YES;
				CLANG_WARN_UNREACHABLE_CODE = YES;
				CLANG_WARN__DUPLICATE_METHOD_MATCH = YES;
				"CODE_SIGN_IDENTITY[sdk=iphoneos*]" = "iPhone Developer";
				COPY_PHASE_STRIP = NO;
				DEBUG_INFORMATION_FORMAT = "dwarf-with-dsym";
				ENABLE_NS_ASSERTIONS = NO;
				ENABLE_STRICT_OBJC_MSGSEND = YES;
				GCC_C_LANGUAGE_STANDARD = gnu99;
				GCC_NO_COMMON_BLOCKS = YES;
				GCC_WARN_64_TO_32_BIT_CONVERSION = YES;
				GCC_WARN_ABOUT_RETURN_TYPE = YES_ERROR;
				GCC_WARN_UNDECLARED_SELECTOR = YES;
				GCC_WARN_UNINITIALIZED_AUTOS = YES_AGGRESSIVE;
				GCC_WARN_UNUSED_FUNCTION = YES;
				GCC_WARN_UNUSED_VARIABLE = YES;
				IPHONEOS_DEPLOYMENT_TARGET = 10.2;
				MTL_ENABLE_DEBUG_INFO = NO;
				SDKROOT = iphoneos;
				SWIFT_OPTIMIZATION_LEVEL = "-Owholemodule";
				TARGETED_DEVICE_FAMILY = "1,2";
				VALIDATE_PRODUCT = YES;
			};
			name = Release;
		};
		301487A31E65175C0028C169 /* Debug */ = {
			isa = XCBuildConfiguration;
			buildSettings = {
				ASSETCATALOG_COMPILER_APPICON_NAME = AppIcon;
				DEVELOPMENT_TEAM = 89DDQY7LG3;
				INFOPLIST_FILE = StyleMe/Info.plist;
				LD_RUNPATH_SEARCH_PATHS = "$(inherited) @executable_path/Frameworks";
				PRODUCT_BUNDLE_IDENTIFIER = com.styleme.app.StyleMe;
				PRODUCT_NAME = "$(TARGET_NAME)";
				SWIFT_VERSION = 3.0;
			};
			name = Debug;
		};
		301487A41E65175C0028C169 /* Release */ = {
			isa = XCBuildConfiguration;
			buildSettings = {
				ASSETCATALOG_COMPILER_APPICON_NAME = AppIcon;
				DEVELOPMENT_TEAM = 89DDQY7LG3;
				INFOPLIST_FILE = StyleMe/Info.plist;
				LD_RUNPATH_SEARCH_PATHS = "$(inherited) @executable_path/Frameworks";
				PRODUCT_BUNDLE_IDENTIFIER = com.styleme.app.StyleMe;
				PRODUCT_NAME = "$(TARGET_NAME)";
				SWIFT_VERSION = 3.0;
			};
			name = Release;
		};
		301487A61E65175C0028C169 /* Debug */ = {
			isa = XCBuildConfiguration;
			buildSettings = {
				ALWAYS_EMBED_SWIFT_STANDARD_LIBRARIES = YES;
				BUNDLE_LOADER = "$(TEST_HOST)";
				DEVELOPMENT_TEAM = 89DDQY7LG3;
				INFOPLIST_FILE = StyleMeTests/Info.plist;
				LD_RUNPATH_SEARCH_PATHS = "$(inherited) @executable_path/Frameworks @loader_path/Frameworks";
				PRODUCT_BUNDLE_IDENTIFIER = com.styleme.app.StyleMeTests;
				PRODUCT_NAME = "$(TARGET_NAME)";
				SWIFT_VERSION = 3.0;
				TEST_HOST = "$(BUILT_PRODUCTS_DIR)/StyleMe.app/StyleMe";
			};
			name = Debug;
		};
		301487A71E65175C0028C169 /* Release */ = {
			isa = XCBuildConfiguration;
			buildSettings = {
				ALWAYS_EMBED_SWIFT_STANDARD_LIBRARIES = YES;
				BUNDLE_LOADER = "$(TEST_HOST)";
				DEVELOPMENT_TEAM = 89DDQY7LG3;
				INFOPLIST_FILE = StyleMeTests/Info.plist;
				LD_RUNPATH_SEARCH_PATHS = "$(inherited) @executable_path/Frameworks @loader_path/Frameworks";
				PRODUCT_BUNDLE_IDENTIFIER = com.styleme.app.StyleMeTests;
				PRODUCT_NAME = "$(TARGET_NAME)";
				SWIFT_VERSION = 3.0;
				TEST_HOST = "$(BUILT_PRODUCTS_DIR)/StyleMe.app/StyleMe";
			};
			name = Release;
		};
		301487A91E65175C0028C169 /* Debug */ = {
			isa = XCBuildConfiguration;
			buildSettings = {
				ALWAYS_EMBED_SWIFT_STANDARD_LIBRARIES = YES;
				DEVELOPMENT_TEAM = 89DDQY7LG3;
				INFOPLIST_FILE = StyleMeUITests/Info.plist;
				LD_RUNPATH_SEARCH_PATHS = "$(inherited) @executable_path/Frameworks @loader_path/Frameworks";
				PRODUCT_BUNDLE_IDENTIFIER = com.styleme.app.StyleMeUITests;
				PRODUCT_NAME = "$(TARGET_NAME)";
				SWIFT_VERSION = 3.0;
				TEST_TARGET_NAME = StyleMe;
			};
			name = Debug;
		};
		301487AA1E65175C0028C169 /* Release */ = {
			isa = XCBuildConfiguration;
			buildSettings = {
				ALWAYS_EMBED_SWIFT_STANDARD_LIBRARIES = YES;
				DEVELOPMENT_TEAM = 89DDQY7LG3;
				INFOPLIST_FILE = StyleMeUITests/Info.plist;
				LD_RUNPATH_SEARCH_PATHS = "$(inherited) @executable_path/Frameworks @loader_path/Frameworks";
				PRODUCT_BUNDLE_IDENTIFIER = com.styleme.app.StyleMeUITests;
				PRODUCT_NAME = "$(TARGET_NAME)";
				SWIFT_VERSION = 3.0;
				TEST_TARGET_NAME = StyleMe;
			};
			name = Release;
		};
/* End XCBuildConfiguration section */

/* Begin XCConfigurationList section */
		301487751E65175B0028C169 /* Build configuration list for PBXProject "StyleMe" */ = {
			isa = XCConfigurationList;
			buildConfigurations = (
				301487A01E65175C0028C169 /* Debug */,
				301487A11E65175C0028C169 /* Release */,
			);
			defaultConfigurationIsVisible = 0;
			defaultConfigurationName = Release;
		};
		301487A21E65175C0028C169 /* Build configuration list for PBXNativeTarget "StyleMe" */ = {
			isa = XCConfigurationList;
			buildConfigurations = (
				301487A31E65175C0028C169 /* Debug */,
				301487A41E65175C0028C169 /* Release */,
			);
			defaultConfigurationIsVisible = 0;
		};
		301487A51E65175C0028C169 /* Build configuration list for PBXNativeTarget "StyleMeTests" */ = {
			isa = XCConfigurationList;
			buildConfigurations = (
				301487A61E65175C0028C169 /* Debug */,
				301487A71E65175C0028C169 /* Release */,
			);
			defaultConfigurationIsVisible = 0;
		};
		301487A81E65175C0028C169 /* Build configuration list for PBXNativeTarget "StyleMeUITests" */ = {
			isa = XCConfigurationList;
			buildConfigurations = (
				301487A91E65175C0028C169 /* Debug */,
				301487AA1E65175C0028C169 /* Release */,
			);
			defaultConfigurationIsVisible = 0;
		};
/* End XCConfigurationList section */
	};
	rootObject = 301487721E65175B0028C169 /* Project object */;
}
